
Microsoft Visual Studio Solution File, Format Version 12.00
# Visual Studio Version 17
VisualStudioVersion = 17.6.33829.357
MinimumVisualStudioVersion = 10.0.40219.1
Project("{2150E333-8FDC-42A3-9474-1A3956D46DE8}") = "Client", "Client", "{EA6FCDFF-B317-4A49-9134-E32B447848A4}"
EndProject
Project("{9A19103F-16F7-4668-BE54-9A1E7A4F7556}") = "HostingTest.AliceNode", "HostingTest.AliceNode\HostingTest.AliceNode.csproj", "{3E1A1A2D-D9A5-4351-8872-94E662473447}"
EndProject
Project("{2150E333-8FDC-42A3-9474-1A3956D46DE8}") = "Server", "Server", "{3CCBEBC9-121E-4345-86C7-90E52F03F15F}"
EndProject
Project("{9A19103F-16F7-4668-BE54-9A1E7A4F7556}") = "HyperSoa.ServiceHosting", "HyperSoa.ServiceHosting\HyperSoa.ServiceHosting.csproj", "{B4B249DC-1C5E-40DF-8DC6-D742A980DFE0}"
EndProject
Project("{9A19103F-16F7-4668-BE54-9A1E7A4F7556}") = "HyperSoa.Contracts", "HyperSoa.Contracts\HyperSoa.Contracts.csproj", "{1770B083-41F0-4B71-B044-FCCA8DA0714C}"
EndProject
Project("{9A19103F-16F7-4668-BE54-9A1E7A4F7556}") = "HyperSoa.Service", "HyperSoa.Service\HyperSoa.Service.csproj", "{3168D1CB-1DDB-419A-AB7D-5D2535D52925}"
EndProject
Project("{FAE04EC0-301F-11D3-BF4B-00C04F79EFBC}") = "HyperSoa.Contracts.RemoteAdmin", "HyperSoa.Contracts.RemoteAdmin\HyperSoa.Contracts.RemoteAdmin.csproj", "{B132C041-4C97-4A05-9F2B-1C58489F1320}"
EndProject
Project("{FAE04EC0-301F-11D3-BF4B-00C04F79EFBC}") = "HyperSoa.Service.Configuration.Xml", "HyperSoa.Service.Configuration.Xml\HyperSoa.Service.Configuration.Xml.csproj", "{0D7C339E-652B-4AC2-A29A-24B1623F6535}"
EndProject
Global
	GlobalSection(SolutionConfigurationPlatforms) = preSolution
		Debug|Any CPU = Debug|Any CPU
		Release|Any CPU = Release|Any CPU
	EndGlobalSection
	GlobalSection(ProjectConfigurationPlatforms) = postSolution
		{3E1A1A2D-D9A5-4351-8872-94E662473447}.Debug|Any CPU.ActiveCfg = Debug|Any CPU
		{3E1A1A2D-D9A5-4351-8872-94E662473447}.Debug|Any CPU.Build.0 = Debug|Any CPU
		{3E1A1A2D-D9A5-4351-8872-94E662473447}.Release|Any CPU.ActiveCfg = Release|Any CPU
		{3E1A1A2D-D9A5-4351-8872-94E662473447}.Release|Any CPU.Build.0 = Release|Any CPU
		{B4B249DC-1C5E-40DF-8DC6-D742A980DFE0}.Debug|Any CPU.ActiveCfg = Debug|Any CPU
		{B4B249DC-1C5E-40DF-8DC6-D742A980DFE0}.Debug|Any CPU.Build.0 = Debug|Any CPU
		{B4B249DC-1C5E-40DF-8DC6-D742A980DFE0}.Release|Any CPU.ActiveCfg = Release|Any CPU
		{B4B249DC-1C5E-40DF-8DC6-D742A980DFE0}.Release|Any CPU.Build.0 = Release|Any CPU
		{1770B083-41F0-4B71-B044-FCCA8DA0714C}.Debug|Any CPU.ActiveCfg = Debug|Any CPU
		{1770B083-41F0-4B71-B044-FCCA8DA0714C}.Debug|Any CPU.Build.0 = Debug|Any CPU
		{1770B083-41F0-4B71-B044-FCCA8DA0714C}.Release|Any CPU.ActiveCfg = Release|Any CPU
		{1770B083-41F0-4B71-B044-FCCA8DA0714C}.Release|Any CPU.Build.0 = Release|Any CPU
		{3168D1CB-1DDB-419A-AB7D-5D2535D52925}.Debug|Any CPU.ActiveCfg = Debug|Any CPU
		{3168D1CB-1DDB-419A-AB7D-5D2535D52925}.Debug|Any CPU.Build.0 = Debug|Any CPU
		{3168D1CB-1DDB-419A-AB7D-5D2535D52925}.Release|Any CPU.ActiveCfg = Release|Any CPU
		{3168D1CB-1DDB-419A-AB7D-5D2535D52925}.Release|Any CPU.Build.0 = Release|Any CPU
		{B132C041-4C97-4A05-9F2B-1C58489F1320}.Debug|Any CPU.ActiveCfg = Debug|Any CPU
		{B132C041-4C97-4A05-9F2B-1C58489F1320}.Debug|Any CPU.Build.0 = Debug|Any CPU
		{B132C041-4C97-4A05-9F2B-1C58489F1320}.Release|Any CPU.ActiveCfg = Release|Any CPU
		{B132C041-4C97-4A05-9F2B-1C58489F1320}.Release|Any CPU.Build.0 = Release|Any CPU
		{0D7C339E-652B-4AC2-A29A-24B1623F6535}.Debug|Any CPU.ActiveCfg = Debug|Any CPU
		{0D7C339E-652B-4AC2-A29A-24B1623F6535}.Debug|Any CPU.Build.0 = Debug|Any CPU
		{0D7C339E-652B-4AC2-A29A-24B1623F6535}.Release|Any CPU.ActiveCfg = Release|Any CPU
		{0D7C339E-652B-4AC2-A29A-24B1623F6535}.Release|Any CPU.Build.0 = Release|Any CPU
	EndGlobalSection
	GlobalSection(SolutionProperties) = preSolution
		HideSolutionNode = FALSE
	EndGlobalSection
	GlobalSection(NestedProjects) = preSolution
		{B4B249DC-1C5E-40DF-8DC6-D742A980DFE0} = {3CCBEBC9-121E-4345-86C7-90E52F03F15F}
		{1770B083-41F0-4B71-B044-FCCA8DA0714C} = {EA6FCDFF-B317-4A49-9134-E32B447848A4}
		{3168D1CB-1DDB-419A-AB7D-5D2535D52925} = {3CCBEBC9-121E-4345-86C7-90E52F03F15F}
		{B132C041-4C97-4A05-9F2B-1C58489F1320} = {EA6FCDFF-B317-4A49-9134-E32B447848A4}
		{0D7C339E-652B-4AC2-A29A-24B1623F6535} = {3CCBEBC9-121E-4345-86C7-90E52F03F15F}
	EndGlobalSection
	GlobalSection(ExtensibilityGlobals) = postSolution
		SolutionGuid = {A88D42C3-4E37-4546-A124-C60A9E37840F}
	EndGlobalSection
EndGlobal
